<?xml version="1.0" encoding="utf-8"?>
<Project ToolsVersion="4.0" xmlns="http://schemas.microsoft.com/developer/msbuild/2003">
  <ItemGroup>
    <ClInclude Include="src\NRV.h" />
    <ClInclude Include="src\NRV\NRVCore.h" />
    <ClInclude Include="src\NRV\Application.h" />
    <ClInclude Include="src\NRV\EntryPoint.h" />
    <ClInclude Include="src\Graphics\RenderingHardwareInterface.h" />
    <ClInclude Include="src\Graphics\OpenGL\VertexBuffer.h" />
    <ClInclude Include="src\Graphics\OpenGL\OpenGL_RHI.h" />
    <ClInclude Include="src\NRV\StaticThreadPool.h" />
    <ClInclude Include="src\NRV\Log.h" />
    <ClInclude Include="src\NRV\LogWrapper.h" />
  </ItemGroup>
  <ItemGroup>
    <ClCompile Include="src\NRV\Application.cpp" />
    <ClCompile Include="src\Graphics\OpenGL\OpenGL_RHI.cpp" />
    <ClCompile Include="src\NRV\StaticThreadPool.cpp" />
    <ClCompile Include="src\NRV\Log.cpp" />
  </ItemGroup>
</Project>